// !$*UTF8*$!
{
	archiveVersion = 1;
	classes = {
	};
	objectVersion = 46;
	objects = {

/* Begin PBXBuildFile section */
		69815D10193E0D38000F9FC7 /* Foundation.framework in Frameworks */ = {isa = PBXBuildFile; fileRef = 69815D0F193E0D38000F9FC7 /* Foundation.framework */; };
		69815D12193E0D38000F9FC7 /* CoreGraphics.framework in Frameworks */ = {isa = PBXBuildFile; fileRef = 69815D11193E0D38000F9FC7 /* CoreGraphics.framework */; };
		69815D14193E0D38000F9FC7 /* UIKit.framework in Frameworks */ = {isa = PBXBuildFile; fileRef = 69815D13193E0D38000F9FC7 /* UIKit.framework */; };
		69815D1A193E0D38000F9FC7 /* InfoPlist.strings in Resources */ = {isa = PBXBuildFile; fileRef = 69815D18193E0D38000F9FC7 /* InfoPlist.strings */; };
		69815D1C193E0D38000F9FC7 /* main.m in Sources */ = {isa = PBXBuildFile; fileRef = 69815D1B193E0D38000F9FC7 /* main.m */; };
		69815D20193E0D38000F9FC7 /* HelloWorldAppDelegate.m in Sources */ = {isa = PBXBuildFile; fileRef = 69815D1F193E0D38000F9FC7 /* HelloWorldAppDelegate.m */; };
		69815D23193E0D38000F9FC7 /* Main.storyboard in Resources */ = {isa = PBXBuildFile; fileRef = 69815D21193E0D38000F9FC7 /* Main.storyboard */; };
		69815D26193E0D38000F9FC7 /* HelloWorldViewController.m in Sources */ = {isa = PBXBuildFile; fileRef = 69815D25193E0D38000F9FC7 /* HelloWorldViewController.m */; };
		69815D28193E0D38000F9FC7 /* Images.xcassets in Resources */ = {isa = PBXBuildFile; fileRef = 69815D27193E0D38000F9FC7 /* Images.xcassets */; };
		69815D2F193E0D38000F9FC7 /* XCTest.framework in Frameworks */ = {isa = PBXBuildFile; fileRef = 69815D2E193E0D38000F9FC7 /* XCTest.framework */; };
		69815D30193E0D38000F9FC7 /* Foundation.framework in Frameworks */ = {isa = PBXBuildFile; fileRef = 69815D0F193E0D38000F9FC7 /* Foundation.framework */; };
		69815D31193E0D38000F9FC7 /* UIKit.framework in Frameworks */ = {isa = PBXBuildFile; fileRef = 69815D13193E0D38000F9FC7 /* UIKit.framework */; };
		69815D39193E0D38000F9FC7 /* InfoPlist.strings in Resources */ = {isa = PBXBuildFile; fileRef = 69815D37193E0D38000F9FC7 /* InfoPlist.strings */; };
		69815D3B193E0D38000F9FC7 /* HelloWorldTests.m in Sources */ = {isa = PBXBuildFile; fileRef = 69815D3A193E0D38000F9FC7 /* HelloWorldTests.m */; };
/* End PBXBuildFile section */

/* Begin PBXContainerItemProxy section */
		69815D32193E0D38000F9FC7 /* PBXContainerItemProxy */ = {
			isa = PBXContainerItemProxy;
			containerPortal = 69815D04193E0D38000F9FC7 /* Project object */;
			proxyType = 1;
			remoteGlobalIDString = 69815D0B193E0D38000F9FC7;
			remoteInfo = HelloWorld;
		};
/* End PBXContainerItemProxy section */

/* Begin PBXFileReference section */
		69815D0C193E0D38000F9FC7 /* HelloWorld.app */ = {isa = PBXFileReference; explicitFileType = wrapper.application; includeInIndex = 0; path = HelloWorld.app; sourceTree = BUILT_PRODUCTS_DIR; };
		69815D0F193E0D38000F9FC7 /* Foundation.framework */ = {isa = PBXFileReference; lastKnownFileType = wrapper.framework; name = Foundation.framework; path = System/Library/Frameworks/Foundation.framework; sourceTree = SDKROOT; };
		69815D11193E0D38000F9FC7 /* CoreGraphics.framework */ = {isa = PBXFileReference; lastKnownFileType = wrapper.framework; name = CoreGraphics.framework; path = System/Library/Frameworks/CoreGraphics.framework; sourceTree = SDKROOT; };
		69815D13193E0D38000F9FC7 /* UIKit.framework */ = {isa = PBXFileReference; lastKnownFileType = wrapper.framework; name = UIKit.framework; path = System/Library/Frameworks/UIKit.framework; sourceTree = SDKROOT; };
		69815D17193E0D38000F9FC7 /* HelloWorld-Info.plist */ = {isa = PBXFileReference; lastKnownFileType = text.plist.xml; path = "HelloWorld-Info.plist"; sourceTree = "<group>"; };
		69815D19193E0D38000F9FC7 /* en */ = {isa = PBXFileReference; lastKnownFileType = text.plist.strings; name = en; path = en.lproj/InfoPlist.strings; sourceTree = "<group>"; };
		69815D1B193E0D38000F9FC7 /* main.m */ = {isa = PBXFileReference; lastKnownFileType = sourcecode.c.objc; path = main.m; sourceTree = "<group>"; };
		69815D1D193E0D38000F9FC7 /* HelloWorld-Prefix.pch */ = {isa = PBXFileReference; lastKnownFileType = sourcecode.c.h; path = "HelloWorld-Prefix.pch"; sourceTree = "<group>"; };
		69815D1E193E0D38000F9FC7 /* HelloWorldAppDelegate.h */ = {isa = PBXFileReference; lastKnownFileType = sourcecode.c.h; path = HelloWorldAppDelegate.h; sourceTree = "<group>"; };
		69815D1F193E0D38000F9FC7 /* HelloWorldAppDelegate.m */ = {isa = PBXFileReference; lastKnownFileType = sourcecode.c.objc; path = HelloWorldAppDelegate.m; sourceTree = "<group>"; };
		69815D22193E0D38000F9FC7 /* Base */ = {isa = PBXFileReference; lastKnownFileType = file.storyboard; name = Base; path = Base.lproj/Main.storyboard; sourceTree = "<group>"; };
		69815D24193E0D38000F9FC7 /* HelloWorldViewController.h */ = {isa = PBXFileReference; lastKnownFileType = sourcecode.c.h; path = HelloWorldViewController.h; sourceTree = "<group>"; };
		69815D25193E0D38000F9FC7 /* HelloWorldViewController.m */ = {isa = PBXFileReference; lastKnownFileType = sourcecode.c.objc; path = HelloWorldViewController.m; sourceTree = "<group>"; };
		69815D27193E0D38000F9FC7 /* Images.xcassets */ = {isa = PBXFileReference; lastKnownFileType = folder.assetcatalog; path = Images.xcassets; sourceTree = "<group>"; };
		69815D2D193E0D38000F9FC7 /* HelloWorldTests.xctest */ = {isa = PBXFileReference; explicitFileType = wrapper.cfbundle; includeInIndex = 0; path = HelloWorldTests.xctest; sourceTree = BUILT_PRODUCTS_DIR; };
		69815D2E193E0D38000F9FC7 /* XCTest.framework */ = {isa = PBXFileReference; lastKnownFileType = wrapper.framework; name = XCTest.framework; path = Library/Frameworks/XCTest.framework; sourceTree = DEVELOPER_DIR; };
		69815D36193E0D38000F9FC7 /* HelloWorldTests-Info.plist */ = {isa = PBXFileReference; lastKnownFileType = text.plist.xml; path = "HelloWorldTests-Info.plist"; sourceTree = "<group>"; };
		69815D38193E0D38000F9FC7 /* en */ = {isa = PBXFileReference; lastKnownFileType = text.plist.strings; name = en; path = en.lproj/InfoPlist.strings; sourceTree = "<group>"; };
		69815D3A193E0D38000F9FC7 /* HelloWorldTests.m */ = {isa = PBXFileReference; lastKnownFileType = sourcecode.c.objc; path = HelloWorldTests.m; sourceTree = "<group>"; };
/* End PBXFileReference section */

/* Begin PBXFrameworksBuildPhase section */
		69815D09193E0D38000F9FC7 /* Frameworks */ = {
			isa = PBXFrameworksBuildPhase;
			buildActionMask = 2147483647;
			files = (
				69815D12193E0D38000F9FC7 /* CoreGraphics.framework in Frameworks */,
				69815D14193E0D38000F9FC7 /* UIKit.framework in Frameworks */,
				69815D10193E0D38000F9FC7 /* Foundation.framework in Frameworks */,
			);
			runOnlyForDeploymentPostprocessing = 0;
		};
		69815D2A193E0D38000F9FC7 /* Frameworks */ = {
			isa = PBXFrameworksBuildPhase;
			buildActionMask = 2147483647;
			files = (
				69815D2F193E0D38000F9FC7 /* XCTest.framework in Frameworks */,
				69815D31193E0D38000F9FC7 /* UIKit.framework in Frameworks */,
				69815D30193E0D38000F9FC7 /* Foundation.framework in Frameworks */,
			);
			runOnlyForDeploymentPostprocessing = 0;
		};
/* End PBXFrameworksBuildPhase section */

/* Begin PBXGroup section */
		69815D03193E0D38000F9FC7 = {
			isa = PBXGroup;
			children = (
				69815D15193E0D38000F9FC7 /* HelloWorld */,
				69815D34193E0D38000F9FC7 /* HelloWorldTests */,
				69815D0E193E0D38000F9FC7 /* Frameworks */,
				69815D0D193E0D38000F9FC7 /* Products */,
			);
			sourceTree = "<group>";
		};
		69815D0D193E0D38000F9FC7 /* Products */ = {
			isa = PBXGroup;
			children = (
				69815D0C193E0D38000F9FC7 /* HelloWorld.app */,
				69815D2D193E0D38000F9FC7 /* HelloWorldTests.xctest */,
			);
			name = Products;
			sourceTree = "<group>";
		};
		69815D0E193E0D38000F9FC7 /* Frameworks */ = {
			isa = PBXGroup;
			children = (
				69815D0F193E0D38000F9FC7 /* Foundation.framework */,
				69815D11193E0D38000F9FC7 /* CoreGraphics.framework */,
				69815D13193E0D38000F9FC7 /* UIKit.framework */,
				69815D2E193E0D38000F9FC7 /* XCTest.framework */,
			);
			name = Frameworks;
			sourceTree = "<group>";
		};
		69815D15193E0D38000F9FC7 /* HelloWorld */ = {
			isa = PBXGroup;
			children = (
				69815D1E193E0D38000F9FC7 /* HelloWorldAppDelegate.h */,
				69815D1F193E0D38000F9FC7 /* HelloWorldAppDelegate.m */,
				69815D21193E0D38000F9FC7 /* Main.storyboard */,
				69815D24193E0D38000F9FC7 /* HelloWorldViewController.h */,
				69815D25193E0D38000F9FC7 /* HelloWorldViewController.m */,
				69815D27193E0D38000F9FC7 /* Images.xcassets */,
				69815D16193E0D38000F9FC7 /* Supporting Files */,
			);
			path = HelloWorld;
			sourceTree = "<group>";
		};
		69815D16193E0D38000F9FC7 /* Supporting Files */ = {
			isa = PBXGroup;
			children = (
				69815D17193E0D38000F9FC7 /* HelloWorld-Info.plist */,
				69815D18193E0D38000F9FC7 /* InfoPlist.strings */,
				69815D1B193E0D38000F9FC7 /* main.m */,
				69815D1D193E0D38000F9FC7 /* HelloWorld-Prefix.pch */,
			);
			name = "Supporting Files";
			sourceTree = "<group>";
		};
		69815D34193E0D38000F9FC7 /* HelloWorldTests */ = {
			isa = PBXGroup;
			children = (
				69815D3A193E0D38000F9FC7 /* HelloWorldTests.m */,
				69815D35193E0D38000F9FC7 /* Supporting Files */,
			);
			path = HelloWorldTests;
			sourceTree = "<group>";
		};
		69815D35193E0D38000F9FC7 /* Supporting Files */ = {
			isa = PBXGroup;
			children = (
				69815D36193E0D38000F9FC7 /* HelloWorldTests-Info.plist */,
				69815D37193E0D38000F9FC7 /* InfoPlist.strings */,
			);
			name = "Supporting Files";
			sourceTree = "<group>";
		};
/* End PBXGroup section */

/* Begin PBXNativeTarget section */
		69815D0B193E0D38000F9FC7 /* HelloWorld */ = {
			isa = PBXNativeTarget;
			buildConfigurationList = 69815D3E193E0D38000F9FC7 /* Build configuration list for PBXNativeTarget "HelloWorld" */;
			buildPhases = (
				69815D08193E0D38000F9FC7 /* Sources */,
				69815D09193E0D38000F9FC7 /* Frameworks */,
				69815D0A193E0D38000F9FC7 /* Resources */,
			);
			buildRules = (
			);
			dependencies = (
			);
			name = HelloWorld;
			productName = HelloWorld;
			productReference = 69815D0C193E0D38000F9FC7 /* HelloWorld.app */;
			productType = "com.apple.product-type.application";
		};
		69815D2C193E0D38000F9FC7 /* HelloWorldTests */ = {
			isa = PBXNativeTarget;
			buildConfigurationList = 69815D41193E0D38000F9FC7 /* Build configuration list for PBXNativeTarget "HelloWorldTests" */;
			buildPhases = (
				69815D29193E0D38000F9FC7 /* Sources */,
				69815D2A193E0D38000F9FC7 /* Frameworks */,
				69815D2B193E0D38000F9FC7 /* Resources */,
			);
			buildRules = (
			);
			dependencies = (
				69815D33193E0D38000F9FC7 /* PBXTargetDependency */,
			);
			name = HelloWorldTests;
			productName = HelloWorldTests;
			productReference = 69815D2D193E0D38000F9FC7 /* HelloWorldTests.xctest */;
			productType = "com.apple.product-type.bundle.unit-test";
		};
/* End PBXNativeTarget section */

/* Begin PBXProject section */
		69815D04193E0D38000F9FC7 /* Project object */ = {
			isa = PBXProject;
			attributes = {
				CLASSPREFIX = HelloWorld;
				LastUpgradeCheck = 0510;
				ORGANIZATIONNAME = "许英旗";
				TargetAttributes = {
					69815D2C193E0D38000F9FC7 = {
						TestTargetID = 69815D0B193E0D38000F9FC7;
					};
				};
			};
			buildConfigurationList = 69815D07193E0D38000F9FC7 /* Build configuration list for PBXProject "HelloWorld" */;
			compatibilityVersion = "Xcode 3.2";
			developmentRegion = English;
			hasScannedForEncodings = 0;
			knownRegions = (
				en,
				Base,
			);
			mainGroup = 69815D03193E0D38000F9FC7;
			productRefGroup = 69815D0D193E0D38000F9FC7 /* Products */;
			projectDirPath = "";
			projectRoot = "";
			targets = (
				69815D0B193E0D38000F9FC7 /* HelloWorld */,
				69815D2C193E0D38000F9FC7 /* HelloWorldTests */,
			);
		};
/* End PBXProject section */

/* Begin PBXResourcesBuildPhase section */
		69815D0A193E0D38000F9FC7 /* Resources */ = {
			isa = PBXResourcesBuildPhase;
			buildActionMask = 2147483647;
			files = (
				69815D28193E0D38000F9FC7 /* Images.xcassets in Resources */,
				69815D1A193E0D38000F9FC7 /* InfoPlist.strings in Resources */,
				69815D23193E0D38000F9FC7 /* Main.storyboard in Resources */,
			);
			runOnlyForDeploymentPostprocessing = 0;
		};
		69815D2B193E0D38000F9FC7 /* Resources */ = {
			isa = PBXResourcesBuildPhase;
			buildActionMask = 2147483647;
			files = (
				69815D39193E0D38000F9FC7 /* InfoPlist.strings in Resources */,
			);
			runOnlyForDeploymentPostprocessing = 0;
		};
/* End PBXResourcesBuildPhase section */

/* Begin PBXSourcesBuildPhase section */
		69815D08193E0D38000F9FC7 /* Sources */ = {
			isa = PBXSourcesBuildPhase;
			buildActionMask = 2147483647;
			files = (
				69815D20193E0D38000F9FC7 /* HelloWorldAppDelegate.m in Sources */,
				69815D26193E0D38000F9FC7 /* HelloWorldViewController.m in Sources */,
				69815D1C193E0D38000F9FC7 /* main.m in Sources */,
			);
			runOnlyForDeploymentPostprocessing = 0;
		};
		69815D29193E0D38000F9FC7 /* Sources */ = {
			isa = PBXSourcesBuildPhase;
			buildActionMask = 2147483647;
			files = (
				69815D3B193E0D38000F9FC7 /* HelloWorldTests.m in Sources */,
			);
			runOnlyForDeploymentPostprocessing = 0;
		};
/* End PBXSourcesBuildPhase section */

/* Begin PBXTargetDependency section */
		69815D33193E0D38000F9FC7 /* PBXTargetDependency */ = {
			isa = PBXTargetDependency;
			target = 69815D0B193E0D38000F9FC7 /* HelloWorld */;
			targetProxy = 69815D32193E0D38000F9FC7 /* PBXContainerItemProxy */;
		};
/* End PBXTargetDependency section */

/* Begin PBXVariantGroup section */
		69815D18193E0D38000F9FC7 /* InfoPlist.strings */ = {
			isa = PBXVariantGroup;
			children = (
				69815D19193E0D38000F9FC7 /* en */,
			);
			name = InfoPlist.strings;
			sourceTree = "<group>";
		};
		69815D21193E0D38000F9FC7 /* Main.storyboard */ = {
			isa = PBXVariantGroup;
			children = (
				69815D22193E0D38000F9FC7 /* Base */,
			);
			name = Main.storyboard;
			sourceTree = "<group>";
		};
		69815D37193E0D38000F9FC7 /* InfoPlist.strings */ = {
			isa = PBXVariantGroup;
			children = (
				69815D38193E0D38000F9FC7 /* en */,
			);
			name = InfoPlist.strings;
			sourceTree = "<group>";
		};
/* End PBXVariantGroup section */

/* Begin XCBuildConfiguration section */
		69815D3C193E0D38000F9FC7 /* Debug */ = {
			isa = XCBuildConfiguration;
			buildSettings = {
				ALWAYS_SEARCH_USER_PATHS = NO;
				CLANG_CXX_LANGUAGE_STANDARD = "gnu++0x";
				CLANG_CXX_LIBRARY = "libc++";
				CLANG_ENABLE_MODULES = YES;
				CLANG_ENABLE_OBJC_ARC = YES;
				CLANG_WARN_BOOL_CONVERSION = YES;
				CLANG_WARN_CONSTANT_CONVERSION = YES;
				CLANG_WARN_DIRECT_OBJC_ISA_USAGE = YES_ERROR;
				CLANG_WARN_EMPTY_BODY = YES;
				CLANG_WARN_ENUM_CONVERSION = YES;
				CLANG_WARN_INT_CONVERSION = YES;
				CLANG_WARN_OBJC_ROOT_CLASS = YES_ERROR;
				CLANG_WARN__DUPLICATE_METHOD_MATCH = YES;
				"CODE_SIGN_IDENTITY[sdk=iphoneos*]" = "iPhone Developer";
				COPY_PHASE_STRIP = NO;
				GCC_C_LANGUAGE_STANDARD = gnu99;
				GCC_DYNAMIC_NO_PIC = NO;
				GCC_OPTIMIZATION_LEVEL = 0;
				GCC_PREPROCESSOR_DEFINITIONS = (
					"DEBUG=1",
					"$(inherited)",
				);
				GCC_SYMBOLS_PRIVATE_EXTERN = NO;
				GCC_WARN_64_TO_32_BIT_CONVERSION = YES;
				GCC_WARN_ABOUT_RETURN_TYPE = YES_ERROR;
				GCC_WARN_UNDECLARED_SELECTOR = YES;
				GCC_WARN_UNINITIALIZED_AUTOS = YES_AGGRESSIVE;
				GCC_WARN_UNUSED_FUNCTION = YES;
				GCC_WARN_UNUSED_VARIABLE = YES;
				IPHONEOS_DEPLOYMENT_TARGET = 7.1;
				ONLY_ACTIVE_ARCH = YES;
				SDKROOT = iphoneos;
			};
			name = Debug;
		};
		69815D3D193E0D38000F9FC7 /* Release */ = {
			isa = XCBuildConfiguration;
			buildSettings = {
				ALWAYS_SEARCH_USER_PATHS = NO;
				CLANG_CXX_LANGUAGE_STANDARD = "gnu++0x";
				CLANG_CXX_LIBRARY = "libc++";
				CLANG_ENABLE_MODULES = YES;
				CLANG_ENABLE_OBJC_ARC = YES;
				CLANG_WARN_BOOL_CONVERSION = YES;
				CLANG_WARN_CONSTANT_CONVERSION = YES;
				CLANG_WARN_DIRECT_OBJC_ISA_USAGE = YES_ERROR;
				CLANG_WARN_EMPTY_BODY = YES;
				CLANG_WARN_ENUM_CONVERSION = YES;
				CLANG_WARN_INT_CONVERSION = YES;
				CLANG_WARN_OBJC_ROOT_CLASS = YES_ERROR;
				CLANG_WARN__DUPLICATE_METHOD_MATCH = YES;
				"CODE_SIGN_IDENTITY[sdk=iphoneos*]" = "iPhone Developer";
				COPY_PHASE_STRIP = YES;
				ENABLE_NS_ASSERTIONS = NO;
				GCC_C_LANGUAGE_STANDARD = gnu99;
				GCC_WARN_64_TO_32_BIT_CONVERSION = YES;
				GCC_WARN_ABOUT_RETURN_TYPE = YES_ERROR;
				GCC_WARN_UNDECLARED_SELECTOR = YES;
				GCC_WARN_UNINITIALIZED_AUTOS = YES_AGGRESSIVE;
				GCC_WARN_UNUSED_FUNCTION = YES;
				GCC_WARN_UNUSED_VARIABLE = YES;
				IPHONEOS_DEPLOYMENT_TARGET = 7.1;
				SDKROOT = iphoneos;
				VALIDATE_PRODUCT = YES;
			};
			name = Release;
		};
		69815D3F193E0D38000F9FC7 /* Debug */ = {
			isa = XCBuildConfiguration;
			buildSettings = {
				ASSETCATALOG_COMPILER_APPICON_NAME = AppIcon;
				ASSETCATALOG_COMPILER_LAUNCHIMAGE_NAME = LaunchImage;
				CODE_SIGN_IDENTITY = "iPhone Developer";
				GCC_PRECOMPILE_PREFIX_HEADER = YES;
				GCC_PREFIX_HEADER = "HelloWorld/HelloWorld-Prefix.pch";
				INFOPLIST_FILE = "HelloWorld/HelloWorld-Info.plist";
				PRODUCT_NAME = "$(TARGET_NAME)";
				TARGETED_DEVICE_FAMILY = 1;
				WRAPPER_EXTENSION = app;
			};
			name = Debug;
		};
		69815D40193E0D38000F9FC7 /* Release */ = {
			isa = XCBuildConfiguration;
			buildSettings = {
				ASSETCATALOG_COMPILER_APPICON_NAME = AppIcon;
				ASSETCATALOG_COMPILER_LAUNCHIMAGE_NAME = LaunchImage;
				CODE_SIGN_IDENTITY = "iPhone Developer";
				GCC_PRECOMPILE_PREFIX_HEADER = YES;
				GCC_PREFIX_HEADER = "HelloWorld/HelloWorld-Prefix.pch";
				INFOPLIST_FILE = "HelloWorld/HelloWorld-Info.plist";
				PRODUCT_NAME = "$(TARGET_NAME)";
				TARGETED_DEVICE_FAMILY = 1;
				WRAPPER_EXTENSION = app;
			};
			name = Release;
		};
		69815D42193E0D38000F9FC7 /* Debug */ = {
			isa = XCBuildConfiguration;
			buildSettings = {
				BUNDLE_LOADER = "$(BUILT_PRODUCTS_DIR)/HelloWorld.app/HelloWorld";
				FRAMEWORK_SEARCH_PATHS = (
					"$(SDKROOT)/Developer/Library/Frameworks",
					"$(inherited)",
					"$(DEVELOPER_FRAMEWORKS_DIR)",
				);
				GCC_PRECOMPILE_PREFIX_HEADER = YES;
				GCC_PREFIX_HEADER = "HelloWorld/HelloWorld-Prefix.pch";
				GCC_PREPROCESSOR_DEFINITIONS = (
					"DEBUG=1",
					"$(inherited)",
				);
				INFOPLIST_FILE = "HelloWorldTests/HelloWorldTests-Info.plist";
				PRODUCT_NAME = "$(TARGET_NAME)";
				TEST_HOST = "$(BUNDLE_LOADER)";
				WRAPPER_EXTENSION = xctest;
			};
			name = Debug;
		};
		69815D43193E0D38000F9FC7 /* Release */ = {
			isa = XCBuildConfiguration;
			buildSettings = {
				BUNDLE_LOADER = "$(BUILT_PRODUCTS_DIR)/HelloWorld.app/HelloWorld";
				FRAMEWORK_SEARCH_PATHS = (
					"$(SDKROOT)/Developer/Library/Frameworks",
					"$(inherited)",
					"$(DEVELOPER_FRAMEWORKS_DIR)",
				);
				GCC_PRECOMPILE_PREFIX_HEADER = YES;
				GCC_PREFIX_HEADER = "HelloWorld/HelloWorld-Prefix.pch";
				INFOPLIST_FILE = "HelloWorldTests/HelloWorldTests-Info.plist";
				PRODUCT_NAME = "$(TARGET_NAME)";
				TEST_HOST = "$(BUNDLE_LOADER)";
				WRAPPER_EXTENSION = xctest;
			};
			name = Release;
		};
/* End XCBuildConfiguration section */

/* Begin XCConfigurationList section */
		69815D07193E0D38000F9FC7 /* Build configuration list for PBXProject "HelloWorld" */ = {
			isa = XCConfigurationList;
			buildConfigurations = (
				69815D3C193E0D38000F9FC7 /* Debug */,
				69815D3D193E0D38000F9FC7 /* Release */,
			);
			defaultConfigurationIsVisible = 0;
			defaultConfigurationName = Release;
		};
		69815D3E193E0D38000F9FC7 /* Build configuration list for PBXNativeTarget "HelloWorld" */ = {
			isa = XCConfigurationList;
			buildConfigurations = (
				69815D3F193E0D38000F9FC7 /* Debug */,
				69815D40193E0D38000F9FC7 /* Release */,
			);
			defaultConfigurationIsVisible = 0;
		};
		69815D41193E0D38000F9FC7 /* Build configuration list for PBXNativeTarget "HelloWorldTests" */ = {
			isa = XCConfigurationList;
			buildConfigurations = (
				69815D42193E0D38000F9FC7 /* Debug */,
				69815D43193E0D38000F9FC7 /* Release */,
			);
			defaultConfigurationIsVisible = 0;
		};
/* End XCConfigurationList section */
	};
	rootObject = 69815D04193E0D38000F9FC7 /* Project object */;
}
